PODS:
  - CAAnimationBlocks (0.0.1)
  - EDStarRating (1.1)
  - LMFixedTextView (0.0.1)
  - RBBAnimation (0.3.0)

DEPENDENCIES:
  - CAAnimationBlocks (~> 0.0.1)
  - EDStarRating (~> 1.1)
  - LMFixedTextView (from `https://github.com/lmcd/LMFixedTextView.git`)
  - RBBAnimation (~> 0.3.0)

EXTERNAL SOURCES:
  LMFixedTextView:
    :git: https://github.com/lmcd/LMFixedTextView.git

SPEC CHECKSUMS:
  CAAnimationBlocks: b70f877c5b92734abef270152187d3287d84e8f8
  EDStarRating: 6761f41fd040f1cde155e2885dddc96461620f67
  LMFixedTextView: 794f1423096e30f88a856ef49a791af08e5c6efe
  RBBAnimation: e7f31ed62f760f3caf120b5d943267bd9a8e1f64

COCOAPODS: 0.28.0
